
Microsoft Visual Studio Solution File, Format Version 12.00
# Visual Studio Version 16
VisualStudioVersion = 16.0.31112.23
MinimumVisualStudioVersion = 10.0.40219.1
Project("{9A19103F-16F7-4668-BE54-9A1E7A4F7556}") = "LaTienda", "LaTienda\LaTienda.csproj", "{F1D21A14-42A7-4D28-86B3-B72884AA261F}"
EndProject
Global
	GlobalSection(SolutionConfigurationPlatforms) = preSolution
		Debug|Any CPU = Debug|Any CPU
		Release|Any CPU = Release|Any CPU
	EndGlobalSection
	GlobalSection(ProjectConfigurationPlatforms) = postSolution
		{F1D21A14-42A7-4D28-86B3-B72884AA261F}.Debug|Any CPU.ActiveCfg = Debug|Any CPU
		{F1D21A14-42A7-4D28-86B3-B72884AA261F}.Debug|Any CPU.Build.0 = Debug|Any CPU
		{F1D21A14-42A7-4D28-86B3-B72884AA261F}.Release|Any CPU.ActiveCfg = Release|Any CPU
		{F1D21A14-42A7-4D28-86B3-B72884AA261F}.Release|Any CPU.Build.0 = Release|Any CPU
	EndGlobalSection
	GlobalSection(SolutionProperties) = preSolution
		HideSolutionNode = FALSE
	EndGlobalSection
	GlobalSection(ExtensibilityGlobals) = postSolution
		SolutionGuid = {02C03EB3-163E-4C23-8150-7BF227CDB3C3}
	EndGlobalSection
EndGlobal
